{
  "lockfileVersion": 1,
  "configVersion": 1,
  "workspaces": {
    "": {
      "name": "pdf-tool-chat-lab",
      "dependencies": {
        "@huggingface/hub": "^2.11.0",
        "@huggingface/jinja": "^0.5.6",
        "pdfjs-dist": "^4.10.38",
      },
    },
  },
  "packages": {
    "@huggingface/hub": ["@huggingface/hub@2.11.0", "", { "dependencies": { "@huggingface/tasks": "^0.19.90" }, "optionalDependencies": { "cli-progress": "^3.12.0" }, "bin": { "hfjs": "dist/cli.js" } }, "sha512-WS6QGaXYeBVFlaB4SOn6z4LGUpLB5kRZNL08uUni4izX353KxiwwZMK5+/AWX86MJh8SMZNa/JFcvFCcQsbszQ=="],

    "@huggingface/jinja": ["@huggingface/jinja@0.5.6", "", {}, "sha512-MyMWyLnjqo+KRJYSH7oWNbsOn5onuIvfXYPcc0WOGxU0eHUV7oAYUoQTl2BMdu7ml+ea/bu11UM+EshbeHwtIA=="],

    "@huggingface/tasks": ["@huggingface/tasks@0.19.90", "", {}, "sha512-nfV9luJbvwGQ/5oKXkKhCV9h4X7mwh1YaGG3ORd6UMLDSwr1OFSSatcBX0O9OtBtmNK19aGSjbLFqqgcIR6+IA=="],

    "@napi-rs/canvas": ["@napi-rs/canvas@0.1.97", "", { "optionalDependencies": { "@napi-rs/canvas-android-arm64": "0.1.97", "@napi-rs/canvas-darwin-arm64": "0.1.97", "@napi-rs/canvas-darwin-x64": "0.1.97", "@napi-rs/canvas-linux-arm-gnueabihf": "0.1.97", "@napi-rs/canvas-linux-arm64-gnu": "0.1.97", "@napi-rs/canvas-linux-arm64-musl": "0.1.97", "@napi-rs/canvas-linux-riscv64-gnu": "0.1.97", "@napi-rs/canvas-linux-x64-gnu": "0.1.97", "@napi-rs/canvas-linux-x64-musl": "0.1.97", "@napi-rs/canvas-win32-arm64-msvc": "0.1.97", "@napi-rs/canvas-win32-x64-msvc": "0.1.97" } }, "sha512-8cFniXvrIEnVwuNSRCW9wirRZbHvrD3JVujdS2P5n5xiJZNZMOZcfOvJ1pb66c7jXMKHHglJEDVJGbm8XWFcXQ=="],

    "@napi-rs/canvas-android-arm64": ["@napi-rs/canvas-android-arm64@0.1.97", "", { "os": "android", "cpu": "arm64" }, "sha512-V1c/WVw+NzH8vk7ZK/O8/nyBSCQimU8sfMsB/9qeSvdkGKNU7+mxy/bIF0gTgeBFmHpj30S4E9WHMSrxXGQuVQ=="],

    "@napi-rs/canvas-darwin-arm64": ["@napi-rs/canvas-darwin-arm64@0.1.97", "", { "os": "darwin", "cpu": "arm64" }, "sha512-ok+SCEF4YejcxuJ9Rm+WWunHHpf2HmiPxfz6z1a/NFQECGXtsY7A4B8XocK1LmT1D7P174MzwPF9Wy3AUAwEPw=="],

    "@napi-rs/canvas-darwin-x64": ["@napi-rs/canvas-darwin-x64@0.1.97", "", { "os": "darwin", "cpu": "x64" }, "sha512-PUP6e6/UGlclUvAQNnuXCcnkpdUou6VYZfQOQxExLp86epOylmiwLkqXIvpFmjoTEDmPmXrI+coL/9EFU1gKPA=="],

    "@napi-rs/canvas-linux-arm-gnueabihf": ["@napi-rs/canvas-linux-arm-gnueabihf@0.1.97", "", { "os": "linux", "cpu": "arm" }, "sha512-XyXH2L/cic8eTNtbrXCcvqHtMX/nEOxN18+7rMrAM2XtLYC/EB5s0wnO1FsLMWmK+04ZSLN9FBGipo7kpIkcOw=="],

    "@napi-rs/canvas-linux-arm64-gnu": ["@napi-rs/canvas-linux-arm64-gnu@0.1.97", "", { "os": "linux", "cpu": "arm64" }, "sha512-Kuq/M3djq0K8ktgz6nPlK7Ne5d4uWeDxPpyKWOjWDK2RIOhHVtLtyLiJw2fuldw7Vn4mhw05EZXCEr4Q76rs9w=="],

    "@napi-rs/canvas-linux-arm64-musl": ["@napi-rs/canvas-linux-arm64-musl@0.1.97", "", { "os": "linux", "cpu": "arm64" }, "sha512-kKmSkQVnWeqg7qdsiXvYxKhAFuHz3tkBjW/zyQv5YKUPhotpaVhpBGv5LqCngzyuRV85SXoe+OFj+Tv0a0QXkQ=="],

    "@napi-rs/canvas-linux-riscv64-gnu": ["@napi-rs/canvas-linux-riscv64-gnu@0.1.97", "", { "os": "linux", "cpu": "none" }, "sha512-Jc7I3A51jnEOIAXeLsN/M/+Z28LUeakcsXs07FLq9prXc0eYOtVwsDEv913Gr+06IRo34gJJVgT0TXvmz+N2VA=="],

    "@napi-rs/canvas-linux-x64-gnu": ["@napi-rs/canvas-linux-x64-gnu@0.1.97", "", { "os": "linux", "cpu": "x64" }, "sha512-iDUBe7AilfuBSRbSa8/IGX38Mf+iCSBqoVKLSQ5XaY2JLOaqz1TVyPFEyIck7wT6mRQhQt5sN6ogfjIDfi74tg=="],

    "@napi-rs/canvas-linux-x64-musl": ["@napi-rs/canvas-linux-x64-musl@0.1.97", "", { "os": "linux", "cpu": "x64" }, "sha512-AKLFd/v0Z5fvgqBDqhvqtAdx+fHMJ5t9JcUNKq4FIZ5WH+iegGm8HPdj00NFlCSnm83Fp3Ln8I2f7uq1aIiWaA=="],

    "@napi-rs/canvas-win32-arm64-msvc": ["@napi-rs/canvas-win32-arm64-msvc@0.1.97", "", { "os": "win32", "cpu": "arm64" }, "sha512-u883Yr6A6fO7Vpsy9YE4FVCIxzzo5sO+7pIUjjoDLjS3vQaNMkVzx5bdIpEL+ob+gU88WDK4VcxYMZ6nmnoX9A=="],

    "@napi-rs/canvas-win32-x64-msvc": ["@napi-rs/canvas-win32-x64-msvc@0.1.97", "", { "os": "win32", "cpu": "x64" }, "sha512-sWtD2EE3fV0IzN+iiQUqr/Q1SwqWhs2O1FKItFlxtdDkikpEj5g7DKQpY3x55H/MAOnL8iomnlk3mcEeGiUMoQ=="],

    "ansi-regex": ["ansi-regex@5.0.1", "", {}, "sha512-quJQXlTSUGL2LH9SUXo8VwsY4soanhgo6LNSm84E1LBcE8s3O0wpdiRzyR9z/ZZJMlMWv37qOOb9pdJlMUEKFQ=="],

    "cli-progress": ["cli-progress@3.12.0", "", { "dependencies": { "string-width": "^4.2.3" } }, "sha512-tRkV3HJ1ASwm19THiiLIXLO7Im7wlTuKnvkYaTkyoAPefqjNg7W7DHKUlGRxy9vxDvbyCYQkQozvptuMkGCg8A=="],

    "emoji-regex": ["emoji-regex@8.0.0", "", {}, "sha512-MSjYzcWNOA0ewAHpz0MxpYFvwg6yjy1NG3xteoqz644VCo/RPgnr1/GGt+ic3iJTzQ8Eu3TdM14SawnVUmGE6A=="],

    "is-fullwidth-code-point": ["is-fullwidth-code-point@3.0.0", "", {}, "sha512-zymm5+u+sCsSWyD9qNaejV3DFvhCKclKdizYaJUuHA83RLjb7nSuGnddCHGv0hk+KY7BMAlsWeK4Ueg6EV6XQg=="],

    "pdfjs-dist": ["pdfjs-dist@4.10.38", "", { "optionalDependencies": { "@napi-rs/canvas": "^0.1.65" } }, "sha512-/Y3fcFrXEAsMjJXeL9J8+ZG9U01LbuWaYypvDW2ycW1jL269L3js3DVBjDJ0Up9Np1uqDXsDrRihHANhZOlwdQ=="],

    "string-width": ["string-width@4.2.3", "", { "dependencies": { "emoji-regex": "^8.0.0", "is-fullwidth-code-point": "^3.0.0", "strip-ansi": "^6.0.1" } }, "sha512-wKyQRQpjJ0sIp62ErSZdGsjMJWsap5oRNihHhu6G7JVO/9jIB6UyevL+tXuOqrng8j/cxKTWyWUwvSTriiZz/g=="],

    "strip-ansi": ["strip-ansi@6.0.1", "", { "dependencies": { "ansi-regex": "^5.0.1" } }, "sha512-Y38VPSHcqkFrCpFnQ9vuSXmquuv5oXOKpGeT6aGrr3o3Gc9AlVa6JBfUSOCnbxGGZF+/0ooI7KrPuUSztUdU5A=="],
  }
}
